# This file is automatically @generated by Wally.
# It is not intended for manual editing.
registry = "test"

[[package]]
name = "blackferrari2/fixedupdate"
version = "0.1.2"
dependencies = [["Signal", "sleitnick/signal@2.0.1"]]

[[package]]
name = "blackferrari2/fun"
version = "0.2.0"
dependencies = [["FixedUpdate", "blackferrari2/fixedupdate@0.1.2"], ["Signal", "sleitnick/signal@2.0.1"]]

[[package]]
name = "sleitnick/signal"
version = "2.0.1"
dependencies = []
